
Microsoft Visual Studio Solution File, Format Version 12.00
# Visual Studio 14
VisualStudioVersion = 14.0.23107.0
MinimumVisualStudioVersion = 10.0.40219.1
Project("{9092AA53-FB77-4645-B42D-1CCCA6BD08BD}") = "NodeJsVSApplication", "NodeJsVSApplication.njsproj", "{BA35A291-7E18-42B9-BB3C-D4E0F9C5D69C}"
EndProject
Global
	GlobalSection(SolutionConfigurationPlatforms) = preSolution
		Debug|Any CPU = Debug|Any CPU
		Release|Any CPU = Release|Any CPU
	EndGlobalSection
	GlobalSection(ProjectConfigurationPlatforms) = postSolution
		{BA35A291-7E18-42B9-BB3C-D4E0F9C5D69C}.Debug|Any CPU.ActiveCfg = Debug|Any CPU
		{BA35A291-7E18-42B9-BB3C-D4E0F9C5D69C}.Debug|Any CPU.Build.0 = Debug|Any CPU
		{BA35A291-7E18-42B9-BB3C-D4E0F9C5D69C}.Release|Any CPU.ActiveCfg = Release|Any CPU
		{BA35A291-7E18-42B9-BB3C-D4E0F9C5D69C}.Release|Any CPU.Build.0 = Release|Any CPU
	EndGlobalSection
	GlobalSection(SolutionProperties) = preSolution
		HideSolutionNode = FALSE
	EndGlobalSection
EndGlobal
